{
  "version": 4,
  "terraform_version": "1.2.3",
  "serial": 40,
  "lineage": "b6764104-ad73-29aa-d904-169bb4ec1e6a",
  "outputs": {},
  "resources": [
    {
      "mode": "managed",
      "type": "aws_default_route_table",
      "name": "route-table",
      "provider": "provider[\"registry.terraform.io/hashicorp/aws\"]",
      "instances": [
        {
          "schema_version": 0,
          "attributes": {
            "arn": "arn:aws:ec2:us-east-1:257128885671:route-table/rtb-0847405c60e5529c6",
            "default_route_table_id": "rtb-0847405c60e5529c6",
            "id": "rtb-0847405c60e5529c6",
            "owner_id": "257128885671",
            "propagating_vgws": null,
            "route": [
              {
                "cidr_block": "0.0.0.0/0",
                "core_network_arn": "",
                "destination_prefix_list_id": "",
                "egress_only_gateway_id": "",
                "gateway_id": "igw-0260b5bf386057445",
                "instance_id": "",
                "ipv6_cidr_block": "",
                "nat_gateway_id": "",
                "network_interface_id": "",
                "transit_gateway_id": "",
                "vpc_endpoint_id": "",
                "vpc_peering_connection_id": ""
              }
            ],
            "tags": {
              "Name": "route-table"
            },
            "tags_all": {
              "Name": "route-table"
            },
            "timeouts": null,
            "vpc_id": "vpc-01094d8300a96829a"
          },
          "sensitive_attributes": [],
          "private": "eyJlMmJmYjczMC1lY2FhLTExZTYtOGY4OC0zNDM2M2JjN2M0YzAiOnsiY3JlYXRlIjoxMjAwMDAwMDAwMDAsInVwZGF0ZSI6MTIwMDAwMDAwMDAwfX0=",
          "dependencies": [
            "aws_internet_gateway.Internet-Gateway",
            "aws_vpc.vpc-obligatorio"
          ]
        }
      ]
    },
    {
      "mode": "managed",
      "type": "aws_eks_cluster",
      "name": "Cluster-Boutique",
      "provider": "provider[\"registry.terraform.io/hashicorp/aws\"]",
      "instances": [
        {
          "schema_version": 0,
          "attributes": {
            "arn": "arn:aws:eks:us-east-1:257128885671:cluster/Cluster-Boutique",
            "certificate_authority": [
              {
                "data": "LS0tLS1CRUdJTiBDRVJUSUZJQ0FURS0tLS0tCk1JSUMvakNDQWVhZ0F3SUJBZ0lCQURBTkJna3Foa2lHOXcwQkFRc0ZBREFWTVJNd0VRWURWUVFERXdwcmRXSmwKY201bGRHVnpNQjRYRFRJeU1EWXlNVEF3TlRVd00xb1hEVE15TURZeE9EQXdOVFV3TTFvd0ZURVRNQkVHQTFVRQpBeE1LYTNWaVpYSnVaWFJsY3pDQ0FTSXdEUVlKS29aSWh2Y05BUUVCQlFBRGdnRVBBRENDQVFvQ2dnRUJBTTBsCjNSeS9HY3NKRXNkaHJtcHVzL295MnJQMCtNZExhQVR2dW9JMlBZK3E4RmRtQWJyNzM0WkVCMkJMaEpsYXg1em4KYkZVd0grU24rNWZqVFU3UWVrMlBOaWxyT1ZSVTVmWTJUVDhzNFRTQWVlenJqRTZVekY1eVpzNi8xYkNVUktFaApWT2h0K0pLQTAzcnl2czVGWG5jbk1NR080cWNwRDBaU1k0UlpwNERDRU9KR3M0aVpuOGlTVGV6eFhDR3loUDZ2CnNuNktIK1FvWGwvam5lZStFQXJLdDAxeGs3ZXVlbHpzQlRRU0JPVXhoOTArcldTbU5lZkltckRuNGZNc3VFTlkKdWp3NFBWS3FtZ0RLbjFJSjZBUTVvVlpQTTZSVHZGSmdaRGc1VzN5UENvK3Q0MzVDQUJFRHpPd09yd1BvRTlTTQp0V2lPRFg2TkhrTWJQVVRJVWc4Q0F3RUFBYU5aTUZjd0RnWURWUjBQQVFIL0JBUURBZ0trTUE4R0ExVWRFd0VCCi93UUZNQU1CQWY4d0hRWURWUjBPQkJZRUZQcUQvZU9JUHFRbFc0UXhZWmlWZHI3UGdua3RNQlVHQTFVZEVRUU8KTUF5Q0NtdDFZbVZ5Ym1WMFpYTXdEUVlKS29aSWh2Y05BUUVMQlFBRGdnRUJBSnhSZ1hoOEN2TTRtRm9wcDM4QQpVY0FxREVTMjVGanR1SGdZeVpvQUZEb2VkSUh6L2Y5bGdnd3N1aDF1VDhiallOTjJHSGMyeCs1aXV1K3BNT3pPClhKYW44NE5EdGFJUEZPWXBTa1VsSVdxRkU1VmdNRGFZVmdhNnZGVHYwNVkvZEZHcVRJTDRaN2NoTlBZZnE3cVcKWnVnNG82ekxVeXUrakJtQlllYWFvQXg2eTlaUXZiZStJUG1Ga3pvWFl6UnNSM0ZGRDRMazNrUEtJeHBaOE53cwpQS3B2NDRwU1ZQVmhFS2hGUUhpd1ZNUys0THFJQ0VWUHUwWThlRGhRUW93VzV1QlJxbXFqb3E1RzFjV3NuOGl0CnZ1eUQ5TytDM3UzOGpsamdnY215d2JGRk9IU2dxdE1jc2x6ODlXSyswNjNrTmdUV0pNVzYxSHpucmhZK1ptSC8KR1BvPQotLS0tLUVORCBDRVJUSUZJQ0FURS0tLS0tCg=="
              }
            ],
            "created_at": "2022-06-21 00:48:53.859 +0000 UTC",
            "enabled_cluster_log_types": null,
            "encryption_config": [],
            "endpoint": "https://C1B4088BE66722C2AB1FA4630B38B85D.gr7.us-east-1.eks.amazonaws.com",
            "id": "Cluster-Boutique",
            "identity": [
              {
                "oidc": [
                  {
                    "issuer": "https://oidc.eks.us-east-1.amazonaws.com/id/C1B4088BE66722C2AB1FA4630B38B85D"
                  }
                ]
              }
            ],
            "kubernetes_network_config": [
              {
                "ip_family": "ipv4",
                "service_ipv4_cidr": "10.100.0.0/16"
              }
            ],
            "name": "Cluster-Boutique",
            "platform_version": "eks.2",
            "role_arn": "arn:aws:iam::257128885671:role/LabRole",
            "status": "ACTIVE",
            "tags": null,
            "tags_all": {},
            "timeouts": null,
            "version": "1.22",
            "vpc_config": [
              {
                "cluster_security_group_id": "sg-08c0584da1e1c300c",
                "endpoint_private_access": false,
                "endpoint_public_access": true,
                "public_access_cidrs": [
                  "0.0.0.0/0"
                ],
                "security_group_ids": [
                  "sg-0bdc4d16cc355efd3"
                ],
                "subnet_ids": [
                  "subnet-051b8efdebb6de8bb",
                  "subnet-0603d05aab81cef93"
                ],
                "vpc_id": "vpc-01094d8300a96829a"
              }
            ]
          },
          "sensitive_attributes": [],
          "private": "eyJlMmJmYjczMC1lY2FhLTExZTYtOGY4OC0zNDM2M2JjN2M0YzAiOnsiY3JlYXRlIjoxODAwMDAwMDAwMDAwLCJkZWxldGUiOjkwMDAwMDAwMDAwMCwidXBkYXRlIjozNjAwMDAwMDAwMDAwfX0=",
          "dependencies": [
            "aws_security_group.security-group",
            "aws_subnet.subnet-1",
            "aws_subnet.subnet-2",
            "aws_vpc.vpc-obligatorio"
          ]
        }
      ]
    },
    {
      "mode": "managed",
      "type": "aws_eks_node_group",
      "name": "node-ec2",
      "provider": "provider[\"registry.terraform.io/hashicorp/aws\"]",
      "instances": [
        {
          "schema_version": 0,
          "attributes": {
            "ami_type": "AL2_x86_64",
            "arn": "arn:aws:eks:us-east-1:257128885671:nodegroup/Cluster-Boutique/t3_micro-node_group/a0c0c1e2-91d7-acca-2f2c-7b63f35ae17b",
            "capacity_type": "ON_DEMAND",
            "cluster_name": "Cluster-Boutique",
            "disk_size": 20,
            "force_update_version": null,
            "id": "Cluster-Boutique:t3_micro-node_group",
            "instance_types": [
              "t3.large"
            ],
            "labels": null,
            "launch_template": [],
            "node_group_name": "t3_micro-node_group",
            "node_group_name_prefix": "",
            "node_role_arn": "arn:aws:iam::257128885671:role/LabRole",
            "release_version": "1.22.9-20220610",
            "remote_access": [],
            "resources": [
              {
                "autoscaling_groups": [
                  {
                    "name": "eks-t3_micro-node_group-a0c0c1e2-91d7-acca-2f2c-7b63f35ae17b"
                  }
                ],
                "remote_access_security_group_id": ""
              }
            ],
            "scaling_config": [
              {
                "desired_size": 2,
                "max_size": 3,
                "min_size": 1
              }
            ],
            "status": "ACTIVE",
            "subnet_ids": [
              "subnet-051b8efdebb6de8bb",
              "subnet-0603d05aab81cef93"
            ],
            "tags": null,
            "tags_all": {},
            "taint": [],
            "timeouts": null,
            "update_config": [
              {
                "max_unavailable": 1,
                "max_unavailable_percentage": 0
              }
            ],
            "version": "1.22"
          },
          "sensitive_attributes": [],
          "private": "eyJlMmJmYjczMC1lY2FhLTExZTYtOGY4OC0zNDM2M2JjN2M0YzAiOnsiY3JlYXRlIjozNjAwMDAwMDAwMDAwLCJkZWxldGUiOjM2MDAwMDAwMDAwMDAsInVwZGF0ZSI6MzYwMDAwMDAwMDAwMH19",
          "dependencies": [
            "aws_eks_cluster.Cluster-Boutique",
            "aws_security_group.security-group",
            "aws_subnet.subnet-1",
            "aws_subnet.subnet-2",
            "aws_vpc.vpc-obligatorio"
          ]
        }
      ]
    },
    {
      "mode": "managed",
      "type": "aws_internet_gateway",
      "name": "Internet-Gateway",
      "provider": "provider[\"registry.terraform.io/hashicorp/aws\"]",
      "instances": [
        {
          "schema_version": 0,
          "attributes": {
            "arn": "arn:aws:ec2:us-east-1:257128885671:internet-gateway/igw-0260b5bf386057445",
            "id": "igw-0260b5bf386057445",
            "owner_id": "257128885671",
            "tags": {
              "Name": "Internet-Gateway"
            },
            "tags_all": {
              "Name": "Internet-Gateway"
            },
            "vpc_id": "vpc-01094d8300a96829a"
          },
          "sensitive_attributes": [],
          "private": "bnVsbA==",
          "dependencies": [
            "aws_vpc.vpc-obligatorio"
          ]
        }
      ]
    },
    {
      "mode": "managed",
      "type": "aws_security_group",
      "name": "security-group",
      "provider": "provider[\"registry.terraform.io/hashicorp/aws\"]",
      "instances": [
        {
          "schema_version": 1,
          "attributes": {
            "arn": "arn:aws:ec2:us-east-1:257128885671:security-group/sg-0bdc4d16cc355efd3",
            "description": "Managed by Terraform",
            "egress": [
              {
                "cidr_blocks": [
                  "0.0.0.0/0"
                ],
                "description": "",
                "from_port": 0,
                "ipv6_cidr_blocks": [],
                "prefix_list_ids": [],
                "protocol": "-1",
                "security_groups": [],
                "self": false,
                "to_port": 0
              }
            ],
            "id": "sg-0bdc4d16cc355efd3",
            "ingress": [
              {
                "cidr_blocks": [
                  "0.0.0.0/0"
                ],
                "description": "",
                "from_port": 80,
                "ipv6_cidr_blocks": [],
                "prefix_list_ids": [],
                "protocol": "tcp",
                "security_groups": [],
                "self": false,
                "to_port": 80
              }
            ],
            "name": "security-group",
            "name_prefix": "",
            "owner_id": "257128885671",
            "revoke_rules_on_delete": false,
            "tags": null,
            "tags_all": {},
            "timeouts": null,
            "vpc_id": "vpc-01094d8300a96829a"
          },
          "sensitive_attributes": [],
          "private": "eyJlMmJmYjczMC1lY2FhLTExZTYtOGY4OC0zNDM2M2JjN2M0YzAiOnsiY3JlYXRlIjo2MDAwMDAwMDAwMDAsImRlbGV0ZSI6OTAwMDAwMDAwMDAwfSwic2NoZW1hX3ZlcnNpb24iOiIxIn0=",
          "dependencies": [
            "aws_vpc.vpc-obligatorio"
          ]
        }
      ]
    },
    {
      "mode": "managed",
      "type": "aws_subnet",
      "name": "subnet-1",
      "provider": "provider[\"registry.terraform.io/hashicorp/aws\"]",
      "instances": [
        {
          "schema_version": 1,
          "attributes": {
            "arn": "arn:aws:ec2:us-east-1:257128885671:subnet/subnet-051b8efdebb6de8bb",
            "assign_ipv6_address_on_creation": false,
            "availability_zone": "us-east-1a",
            "availability_zone_id": "use1-az6",
            "cidr_block": "172.16.1.0/24",
            "customer_owned_ipv4_pool": "",
            "enable_dns64": false,
            "enable_resource_name_dns_a_record_on_launch": false,
            "enable_resource_name_dns_aaaa_record_on_launch": false,
            "id": "subnet-051b8efdebb6de8bb",
            "ipv6_cidr_block": "",
            "ipv6_cidr_block_association_id": "",
            "ipv6_native": false,
            "map_customer_owned_ip_on_launch": false,
            "map_public_ip_on_launch": true,
            "outpost_arn": "",
            "owner_id": "257128885671",
            "private_dns_hostname_type_on_launch": "ip-name",
            "tags": {
              "Name": "subnet-1"
            },
            "tags_all": {
              "Name": "subnet-1"
            },
            "timeouts": null,
            "vpc_id": "vpc-01094d8300a96829a"
          },
          "sensitive_attributes": [],
          "private": "eyJlMmJmYjczMC1lY2FhLTExZTYtOGY4OC0zNDM2M2JjN2M0YzAiOnsiY3JlYXRlIjo2MDAwMDAwMDAwMDAsImRlbGV0ZSI6MTIwMDAwMDAwMDAwMH0sInNjaGVtYV92ZXJzaW9uIjoiMSJ9",
          "dependencies": [
            "aws_vpc.vpc-obligatorio"
          ]
        }
      ]
    },
    {
      "mode": "managed",
      "type": "aws_subnet",
      "name": "subnet-2",
      "provider": "provider[\"registry.terraform.io/hashicorp/aws\"]",
      "instances": [
        {
          "schema_version": 1,
          "attributes": {
            "arn": "arn:aws:ec2:us-east-1:257128885671:subnet/subnet-0603d05aab81cef93",
            "assign_ipv6_address_on_creation": false,
            "availability_zone": "us-east-1b",
            "availability_zone_id": "use1-az1",
            "cidr_block": "172.16.2.0/24",
            "customer_owned_ipv4_pool": "",
            "enable_dns64": false,
            "enable_resource_name_dns_a_record_on_launch": false,
            "enable_resource_name_dns_aaaa_record_on_launch": false,
            "id": "subnet-0603d05aab81cef93",
            "ipv6_cidr_block": "",
            "ipv6_cidr_block_association_id": "",
            "ipv6_native": false,
            "map_customer_owned_ip_on_launch": false,
            "map_public_ip_on_launch": true,
            "outpost_arn": "",
            "owner_id": "257128885671",
            "private_dns_hostname_type_on_launch": "ip-name",
            "tags": {
              "Name": "subnet-2"
            },
            "tags_all": {
              "Name": "subnet-2"
            },
            "timeouts": null,
            "vpc_id": "vpc-01094d8300a96829a"
          },
          "sensitive_attributes": [],
          "private": "eyJlMmJmYjczMC1lY2FhLTExZTYtOGY4OC0zNDM2M2JjN2M0YzAiOnsiY3JlYXRlIjo2MDAwMDAwMDAwMDAsImRlbGV0ZSI6MTIwMDAwMDAwMDAwMH0sInNjaGVtYV92ZXJzaW9uIjoiMSJ9",
          "dependencies": [
            "aws_vpc.vpc-obligatorio"
          ]
        }
      ]
    },
    {
      "mode": "managed",
      "type": "aws_vpc",
      "name": "vpc-obligatorio",
      "provider": "provider[\"registry.terraform.io/hashicorp/aws\"]",
      "instances": [
        {
          "schema_version": 1,
          "attributes": {
            "arn": "arn:aws:ec2:us-east-1:257128885671:vpc/vpc-01094d8300a96829a",
            "assign_generated_ipv6_cidr_block": false,
            "cidr_block": "172.16.0.0/16",
            "default_network_acl_id": "acl-02665fdb04a05ac30",
            "default_route_table_id": "rtb-0847405c60e5529c6",
            "default_security_group_id": "sg-0c08781545fba793c",
            "dhcp_options_id": "dopt-01e4447c273e52489",
            "enable_classiclink": false,
            "enable_classiclink_dns_support": false,
            "enable_dns_hostnames": false,
            "enable_dns_support": true,
            "id": "vpc-01094d8300a96829a",
            "instance_tenancy": "default",
            "ipv4_ipam_pool_id": null,
            "ipv4_netmask_length": null,
            "ipv6_association_id": "",
            "ipv6_cidr_block": "",
            "ipv6_cidr_block_network_border_group": "",
            "ipv6_ipam_pool_id": "",
            "ipv6_netmask_length": 0,
            "main_route_table_id": "rtb-0847405c60e5529c6",
            "owner_id": "257128885671",
            "tags": {
              "Name": "test-terraform-vpc"
            },
            "tags_all": {
              "Name": "test-terraform-vpc"
            }
          },
          "sensitive_attributes": [],
          "private": "eyJzY2hlbWFfdmVyc2lvbiI6IjEifQ=="
        }
      ]
    }
  ]
}
